
Microsoft Visual Studio Solution File, Format Version 12.00
# Visual Studio Version 17
VisualStudioVersion = 17.11.35312.102
MinimumVisualStudioVersion = 10.0.40219.1
Project("{FAE04EC0-301F-11D3-BF4B-00C04F79EFBC}") = "Suteu_Darius_Lab2", "Suteu_Darius_Lab2.csproj", "{7ACA1A91-FFBB-4257-BA1C-65BF90813680}"
EndProject
Global
	GlobalSection(SolutionConfigurationPlatforms) = preSolution
		Debug|Any CPU = Debug|Any CPU
		Release|Any CPU = Release|Any CPU
	EndGlobalSection
	GlobalSection(ProjectConfigurationPlatforms) = postSolution
		{7ACA1A91-FFBB-4257-BA1C-65BF90813680}.Debug|Any CPU.ActiveCfg = Debug|Any CPU
		{7ACA1A91-FFBB-4257-BA1C-65BF90813680}.Debug|Any CPU.Build.0 = Debug|Any CPU
		{7ACA1A91-FFBB-4257-BA1C-65BF90813680}.Release|Any CPU.ActiveCfg = Release|Any CPU
		{7ACA1A91-FFBB-4257-BA1C-65BF90813680}.Release|Any CPU.Build.0 = Release|Any CPU
	EndGlobalSection
	GlobalSection(SolutionProperties) = preSolution
		HideSolutionNode = FALSE
	EndGlobalSection
	GlobalSection(ExtensibilityGlobals) = postSolution
		SolutionGuid = {D6C4BEB5-8762-4858-BC15-C462A4121821}
	EndGlobalSection
EndGlobal
